
Microsoft Visual Studio Solution File, Format Version 12.00
# Visual Studio Version 17
VisualStudioVersion = 17.9.34902.65
MinimumVisualStudioVersion = 10.0.40219.1
Project("{FAE04EC0-301F-11D3-BF4B-00C04F79EFBC}") = "Proyecto Final", "Proyecto Final.csproj", "{8F3E2903-6147-4ADB-8C1B-8684B689922D}"
EndProject
Global
	GlobalSection(SolutionConfigurationPlatforms) = preSolution
		Debug|Any CPU = Debug|Any CPU
		Release|Any CPU = Release|Any CPU
	EndGlobalSection
	GlobalSection(ProjectConfigurationPlatforms) = postSolution
		{8F3E2903-6147-4ADB-8C1B-8684B689922D}.Debug|Any CPU.ActiveCfg = Debug|Any CPU
		{8F3E2903-6147-4ADB-8C1B-8684B689922D}.Debug|Any CPU.Build.0 = Debug|Any CPU
		{8F3E2903-6147-4ADB-8C1B-8684B689922D}.Release|Any CPU.ActiveCfg = Release|Any CPU
		{8F3E2903-6147-4ADB-8C1B-8684B689922D}.Release|Any CPU.Build.0 = Release|Any CPU
	EndGlobalSection
	GlobalSection(SolutionProperties) = preSolution
		HideSolutionNode = FALSE
	EndGlobalSection
	GlobalSection(ExtensibilityGlobals) = postSolution
		SolutionGuid = {CD7B03E7-6E5D-4DDB-B4C0-FA6C58D510EE}
	EndGlobalSection
EndGlobal
